Microsoft Visual Studio Solution File, Format Version 12.00
# Visual Studio Version 16
VisualStudioVersion = 16.0.0.0
MinimumVisualStudioVersion = 16.0.0.0
Project("{9A19103F-16F7-4668-BE54-9A1E7A4F7556}") = "WebDev_Labb2", "WebDev_Labb2\WebDev_Labb2.csproj", "{DA9AA68C-35DE-45D4-9EED-F67EF8FDD4A7}"
EndProject
Project("{9A19103F-16F7-4668-BE54-9A1E7A4F7556}") = "WebDev_Labb2.Client", "WebDev_Labb2.Client\WebDev_Labb2.Client.csproj", "{F923423C-CDB7-49E7-9D1F-0E7E085CD599}"
EndProject
Global
	GlobalSection(SolutionConfigurationPlatforms) = preSolution
		Debug|Any CPU = Debug|Any CPU
		Debug|x64 = Debug|x64
		Debug|x86 = Debug|x86
		Release|Any CPU = Release|Any CPU
		Release|x64 = Release|x64
		Release|x86 = Release|x86
	EndGlobalSection
	GlobalSection(ProjectConfigurationPlatforms) = postSolution
		{F923423C-CDB7-49E7-9D1F-0E7E085CD599}.Debug|Any CPU.ActiveCfg = Debug|Any CPU
		{F923423C-CDB7-49E7-9D1F-0E7E085CD599}.Debug|Any CPU.Build.0 = Debug|Any CPU
		{F923423C-CDB7-49E7-9D1F-0E7E085CD599}.Debug|x64.ActiveCfg = Debug|Any CPU
		{F923423C-CDB7-49E7-9D1F-0E7E085CD599}.Debug|x64.Build.0 = Debug|Any CPU
		{F923423C-CDB7-49E7-9D1F-0E7E085CD599}.Debug|x86.ActiveCfg = Debug|Any CPU
		{F923423C-CDB7-49E7-9D1F-0E7E085CD599}.Debug|x86.Build.0 = Debug|Any CPU
		{F923423C-CDB7-49E7-9D1F-0E7E085CD599}.Release|Any CPU.ActiveCfg = Release|Any CPU
		{F923423C-CDB7-49E7-9D1F-0E7E085CD599}.Release|Any CPU.Build.0 = Release|Any CPU
		{F923423C-CDB7-49E7-9D1F-0E7E085CD599}.Release|x64.ActiveCfg = Release|Any CPU
		{F923423C-CDB7-49E7-9D1F-0E7E085CD599}.Release|x64.Build.0 = Release|Any CPU
		{F923423C-CDB7-49E7-9D1F-0E7E085CD599}.Release|x86.ActiveCfg = Release|Any CPU
		{F923423C-CDB7-49E7-9D1F-0E7E085CD599}.Release|x86.Build.0 = Release|Any CPU
		{DA9AA68C-35DE-45D4-9EED-F67EF8FDD4A7}.Debug|Any CPU.ActiveCfg = Debug|Any CPU
		{DA9AA68C-35DE-45D4-9EED-F67EF8FDD4A7}.Debug|Any CPU.Build.0 = Debug|Any CPU
		{DA9AA68C-35DE-45D4-9EED-F67EF8FDD4A7}.Debug|x64.ActiveCfg = Debug|Any CPU
		{DA9AA68C-35DE-45D4-9EED-F67EF8FDD4A7}.Debug|x64.Build.0 = Debug|Any CPU
		{DA9AA68C-35DE-45D4-9EED-F67EF8FDD4A7}.Debug|x86.ActiveCfg = Debug|Any CPU
		{DA9AA68C-35DE-45D4-9EED-F67EF8FDD4A7}.Debug|x86.Build.0 = Debug|Any CPU
		{DA9AA68C-35DE-45D4-9EED-F67EF8FDD4A7}.Release|Any CPU.ActiveCfg = Release|Any CPU
		{DA9AA68C-35DE-45D4-9EED-F67EF8FDD4A7}.Release|Any CPU.Build.0 = Release|Any CPU
		{DA9AA68C-35DE-45D4-9EED-F67EF8FDD4A7}.Release|x64.ActiveCfg = Release|Any CPU
		{DA9AA68C-35DE-45D4-9EED-F67EF8FDD4A7}.Release|x64.Build.0 = Release|Any CPU
		{DA9AA68C-35DE-45D4-9EED-F67EF8FDD4A7}.Release|x86.ActiveCfg = Release|Any CPU
		{DA9AA68C-35DE-45D4-9EED-F67EF8FDD4A7}.Release|x86.Build.0 = Release|Any CPU
	EndGlobalSection
	GlobalSection(SolutionProperties) = preSolution
		HideSolutionNode = FALSE
	EndGlobalSection
	GlobalSection(ExtensibilityGlobals) = postSolution
		SolutionGuid = {A1538633-735C-4B78-8562-669E589A5F8D}
	EndGlobalSection
EndGlobal
